// !$*UTF8*$!
{
	archiveVersion = 1;
	classes = {
	};
	objectVersion = 46;
	objects = {

/* Begin PBXBuildFile section */
		0D9E6E0D1C265AEE009587AF /* AppDelegate.swift in Sources */ = {isa = PBXBuildFile; fileRef = 0D9E6E0C1C265AEE009587AF /* AppDelegate.swift */; };
		0D9E6E0F1C265AEE009587AF /* ViewController.swift in Sources */ = {isa = PBXBuildFile; fileRef = 0D9E6E0E1C265AEE009587AF /* ViewController.swift */; };
		0D9E6E121C265AEE009587AF /* Main.storyboard in Resources */ = {isa = PBXBuildFile; fileRef = 0D9E6E101C265AEE009587AF /* Main.storyboard */; };
		0D9E6E141C265AEE009587AF /* Assets.xcassets in Resources */ = {isa = PBXBuildFile; fileRef = 0D9E6E131C265AEE009587AF /* Assets.xcassets */; };
		0D9E6E171C265AEE009587AF /* LaunchScreen.storyboard in Resources */ = {isa = PBXBuildFile; fileRef = 0D9E6E151C265AEE009587AF /* LaunchScreen.storyboard */; };
		0D9E6E1F1C267D2A009587AF /* cat.png in Resources */ = {isa = PBXBuildFile; fileRef = 0D9E6E1E1C267D2A009587AF /* cat.png */; };
		0D9E6E231C268157009587AF /* baby carriage.png in Resources */ = {isa = PBXBuildFile; fileRef = 0D9E6E221C268157009587AF /* baby carriage.png */; };
		0D9E6E251C268161009587AF /* Grim Reaper.jpg in Resources */ = {isa = PBXBuildFile; fileRef = 0D9E6E241C268161009587AF /* Grim Reaper.jpg */; };
/* End PBXBuildFile section */

/* Begin PBXFileReference section */
		0D9E6E091C265AEE009587AF /* Hello World.app */ = {isa = PBXFileReference; explicitFileType = wrapper.application; includeInIndex = 0; path = "Hello World.app"; sourceTree = BUILT_PRODUCTS_DIR; };
		0D9E6E0C1C265AEE009587AF /* AppDelegate.swift */ = {isa = PBXFileReference; lastKnownFileType = sourcecode.swift; path = AppDelegate.swift; sourceTree = "<group>"; };
		0D9E6E0E1C265AEE009587AF /* ViewController.swift */ = {isa = PBXFileReference; lastKnownFileType = sourcecode.swift; path = ViewController.swift; sourceTree = "<group>"; };
		0D9E6E111C265AEE009587AF /* Base */ = {isa = PBXFileReference; lastKnownFileType = file.storyboard; name = Base; path = Base.lproj/Main.storyboard; sourceTree = "<group>"; };
		0D9E6E131C265AEE009587AF /* Assets.xcassets */ = {isa = PBXFileReference; lastKnownFileType = folder.assetcatalog; path = Assets.xcassets; sourceTree = "<group>"; };
		0D9E6E161C265AEE009587AF /* Base */ = {isa = PBXFileReference; lastKnownFileType = file.storyboard; name = Base; path = Base.lproj/LaunchScreen.storyboard; sourceTree = "<group>"; };
		0D9E6E181C265AEE009587AF /* Info.plist */ = {isa = PBXFileReference; lastKnownFileType = text.plist.xml; path = Info.plist; sourceTree = "<group>"; };
		0D9E6E1E1C267D2A009587AF /* cat.png */ = {isa = PBXFileReference; lastKnownFileType = image.png; path = cat.png; sourceTree = "<group>"; };
		0D9E6E221C268157009587AF /* baby carriage.png */ = {isa = PBXFileReference; lastKnownFileType = image.png; path = "baby carriage.png"; sourceTree = "<group>"; };
		0D9E6E241C268161009587AF /* Grim Reaper.jpg */ = {isa = PBXFileReference; lastKnownFileType = image.jpeg; path = "Grim Reaper.jpg"; sourceTree = "<group>"; };
/* End PBXFileReference section */

/* Begin PBXFrameworksBuildPhase section */
		0D9E6E061C265AEE009587AF /* Frameworks */ = {
			isa = PBXFrameworksBuildPhase;
			buildActionMask = 2147483647;
			files = (
			);
			runOnlyForDeploymentPostprocessing = 0;
		};
/* End PBXFrameworksBuildPhase section */

/* Begin PBXGroup section */
		0D9E6E001C265AEE009587AF = {
			isa = PBXGroup;
			children = (
				0D9E6E0B1C265AEE009587AF /* Hello World */,
				0D9E6E0A1C265AEE009587AF /* Products */,
			);
			sourceTree = "<group>";
		};
		0D9E6E0A1C265AEE009587AF /* Products */ = {
			isa = PBXGroup;
			children = (
				0D9E6E091C265AEE009587AF /* Hello World.app */,
			);
			name = Products;
			sourceTree = "<group>";
		};
		0D9E6E0B1C265AEE009587AF /* Hello World */ = {
			isa = PBXGroup;
			children = (
				0D9E6E0C1C265AEE009587AF /* AppDelegate.swift */,
				0D9E6E0E1C265AEE009587AF /* ViewController.swift */,
				0D9E6E1E1C267D2A009587AF /* cat.png */,
				0D9E6E221C268157009587AF /* baby carriage.png */,
				0D9E6E241C268161009587AF /* Grim Reaper.jpg */,
				0D9E6E101C265AEE009587AF /* Main.storyboard */,
				0D9E6E131C265AEE009587AF /* Assets.xcassets */,
				0D9E6E151C265AEE009587AF /* LaunchScreen.storyboard */,
				0D9E6E181C265AEE009587AF /* Info.plist */,
			);
			path = "Hello World";
			sourceTree = "<group>";
		};
/* End PBXGroup section */

/* Begin PBXNativeTarget section */
		0D9E6E081C265AEE009587AF /* Hello World */ = {
			isa = PBXNativeTarget;
			buildConfigurationList = 0D9E6E1B1C265AEE009587AF /* Build configuration list for PBXNativeTarget "Hello World" */;
			buildPhases = (
				0D9E6E051C265AEE009587AF /* Sources */,
				0D9E6E061C265AEE009587AF /* Frameworks */,
				0D9E6E071C265AEE009587AF /* Resources */,
			);
			buildRules = (
			);
			dependencies = (
			);
			name = "Hello World";
			productName = "Hello World";
			productReference = 0D9E6E091C265AEE009587AF /* Hello World.app */;
			productType = "com.apple.product-type.application";
		};
/* End PBXNativeTarget section */

/* Begin PBXProject section */
		0D9E6E011C265AEE009587AF /* Project object */ = {
			isa = PBXProject;
			attributes = {
				LastSwiftUpdateCheck = 0720;
				LastUpgradeCheck = 0720;
				ORGANIZATIONNAME = PIGStudio;
				TargetAttributes = {
					0D9E6E081C265AEE009587AF = {
						CreatedOnToolsVersion = 7.2;
					};
				};
			};
			buildConfigurationList = 0D9E6E041C265AEE009587AF /* Build configuration list for PBXProject "Hello World" */;
			compatibilityVersion = "Xcode 3.2";
			developmentRegion = English;
			hasScannedForEncodings = 0;
			knownRegions = (
				en,
				Base,
			);
			mainGroup = 0D9E6E001C265AEE009587AF;
			productRefGroup = 0D9E6E0A1C265AEE009587AF /* Products */;
			projectDirPath = "";
			projectRoot = "";
			targets = (
				0D9E6E081C265AEE009587AF /* Hello World */,
			);
		};
/* End PBXProject section */

/* Begin PBXResourcesBuildPhase section */
		0D9E6E071C265AEE009587AF /* Resources */ = {
			isa = PBXResourcesBuildPhase;
			buildActionMask = 2147483647;
			files = (
				0D9E6E251C268161009587AF /* Grim Reaper.jpg in Resources */,
				0D9E6E171C265AEE009587AF /* LaunchScreen.storyboard in Resources */,
				0D9E6E141C265AEE009587AF /* Assets.xcassets in Resources */,
				0D9E6E1F1C267D2A009587AF /* cat.png in Resources */,
				0D9E6E121C265AEE009587AF /* Main.storyboard in Resources */,
				0D9E6E231C268157009587AF /* baby carriage.png in Resources */,
			);
			runOnlyForDeploymentPostprocessing = 0;
		};
/* End PBXResourcesBuildPhase section */

/* Begin PBXSourcesBuildPhase section */
		0D9E6E051C265AEE009587AF /* Sources */ = {
			isa = PBXSourcesBuildPhase;
			buildActionMask = 2147483647;
			files = (
				0D9E6E0F1C265AEE009587AF /* ViewController.swift in Sources */,
				0D9E6E0D1C265AEE009587AF /* AppDelegate.swift in Sources */,
			);
			runOnlyForDeploymentPostprocessing = 0;
		};
/* End PBXSourcesBuildPhase section */

/* Begin PBXVariantGroup section */
		0D9E6E101C265AEE009587AF /* Main.storyboard */ = {
			isa = PBXVariantGroup;
			children = (
				0D9E6E111C265AEE009587AF /* Base */,
			);
			name = Main.storyboard;
			sourceTree = "<group>";
		};
		0D9E6E151C265AEE009587AF /* LaunchScreen.storyboard */ = {
			isa = PBXVariantGroup;
			children = (
				0D9E6E161C265AEE009587AF /* Base */,
			);
			name = LaunchScreen.storyboard;
			sourceTree = "<group>";
		};
/* End PBXVariantGroup section */

/* Begin XCBuildConfiguration section */
		0D9E6E191C265AEE009587AF /* Debug */ = {
			isa = XCBuildConfiguration;
			buildSettings = {
				ALWAYS_SEARCH_USER_PATHS = NO;
				CLANG_CXX_LANGUAGE_STANDARD = "gnu++0x";
				CLANG_CXX_LIBRARY = "libc++";
				CLANG_ENABLE_MODULES = YES;
				CLANG_ENABLE_OBJC_ARC = YES;
				CLANG_WARN_BOOL_CONVERSION = YES;
				CLANG_WARN_CONSTANT_CONVERSION = YES;
				CLANG_WARN_DIRECT_OBJC_ISA_USAGE = YES_ERROR;
				CLANG_WARN_EMPTY_BODY = YES;
				CLANG_WARN_ENUM_CONVERSION = YES;
				CLANG_WARN_INT_CONVERSION = YES;
				CLANG_WARN_OBJC_ROOT_CLASS = YES_ERROR;
				CLANG_WARN_UNREACHABLE_CODE = YES;
				CLANG_WARN__DUPLICATE_METHOD_MATCH = YES;
				"CODE_SIGN_IDENTITY[sdk=iphoneos*]" = "iPhone Developer";
				COPY_PHASE_STRIP = NO;
				DEBUG_INFORMATION_FORMAT = dwarf;
				ENABLE_STRICT_OBJC_MSGSEND = YES;
				ENABLE_TESTABILITY = YES;
				GCC_C_LANGUAGE_STANDARD = gnu99;
				GCC_DYNAMIC_NO_PIC = NO;
				GCC_NO_COMMON_BLOCKS = YES;
				GCC_OPTIMIZATION_LEVEL = 0;
				GCC_PREPROCESSOR_DEFINITIONS = (
					"DEBUG=1",
					"$(inherited)",
				);
				GCC_WARN_64_TO_32_BIT_CONVERSION = YES;
				GCC_WARN_ABOUT_RETURN_TYPE = YES_ERROR;
				GCC_WARN_UNDECLARED_SELECTOR = YES;
				GCC_WARN_UNINITIALIZED_AUTOS = YES_AGGRESSIVE;
				GCC_WARN_UNUSED_FUNCTION = YES;
				GCC_WARN_UNUSED_VARIABLE = YES;
				IPHONEOS_DEPLOYMENT_TARGET = 9.2;
				MTL_ENABLE_DEBUG_INFO = YES;
				ONLY_ACTIVE_ARCH = YES;
				SDKROOT = iphoneos;
				SWIFT_OPTIMIZATION_LEVEL = "-Onone";
			};
			name = Debug;
		};
		0D9E6E1A1C265AEE009587AF /* Release */ = {
			isa = XCBuildConfiguration;
			buildSettings = {
				ALWAYS_SEARCH_USER_PATHS = NO;
				CLANG_CXX_LANGUAGE_STANDARD = "gnu++0x";
				CLANG_CXX_LIBRARY = "libc++";
				CLANG_ENABLE_MODULES = YES;
				CLANG_ENABLE_OBJC_ARC = YES;
				CLANG_WARN_BOOL_CONVERSION = YES;
				CLANG_WARN_CONSTANT_CONVERSION = YES;
				CLANG_WARN_DIRECT_OBJC_ISA_USAGE = YES_ERROR;
				CLANG_WARN_EMPTY_BODY = YES;
				CLANG_WARN_ENUM_CONVERSION = YES;
				CLANG_WARN_INT_CONVERSION = YES;
				CLANG_WARN_OBJC_ROOT_CLASS = YES_ERROR;
				CLANG_WARN_UNREACHABLE_CODE = YES;
				CLANG_WARN__DUPLICATE_METHOD_MATCH = YES;
				"CODE_SIGN_IDENTITY[sdk=iphoneos*]" = "iPhone Developer";
				COPY_PHASE_STRIP = NO;
				DEBUG_INFORMATION_FORMAT = "dwarf-with-dsym";
				ENABLE_NS_ASSERTIONS = NO;
				ENABLE_STRICT_OBJC_MSGSEND = YES;
				GCC_C_LANGUAGE_STANDARD = gnu99;
				GCC_NO_COMMON_BLOCKS = YES;
				GCC_WARN_64_TO_32_BIT_CONVERSION = YES;
				GCC_WARN_ABOUT_RETURN_TYPE = YES_ERROR;
				GCC_WARN_UNDECLARED_SELECTOR = YES;
				GCC_WARN_UNINITIALIZED_AUTOS = YES_AGGRESSIVE;
				GCC_WARN_UNUSED_FUNCTION = YES;
				GCC_WARN_UNUSED_VARIABLE = YES;
				IPHONEOS_DEPLOYMENT_TARGET = 9.2;
				MTL_ENABLE_DEBUG_INFO = NO;
				SDKROOT = iphoneos;
				VALIDATE_PRODUCT = YES;
			};
			name = Release;
		};
		0D9E6E1C1C265AEE009587AF /* Debug */ = {
			isa = XCBuildConfiguration;
			buildSettings = {
				ASSETCATALOG_COMPILER_APPICON_NAME = AppIcon;
				INFOPLIST_FILE = "Hello World/Info.plist";
				LD_RUNPATH_SEARCH_PATHS = "$(inherited) @executable_path/Frameworks";
				PRODUCT_BUNDLE_IDENTIFIER = "co.pigstudio.Hello-World";
				PRODUCT_NAME = "$(TARGET_NAME)";
			};
			name = Debug;
		};
		0D9E6E1D1C265AEE009587AF /* Release */ = {
			isa = XCBuildConfiguration;
			buildSettings = {
				ASSETCATALOG_COMPILER_APPICON_NAME = AppIcon;
				INFOPLIST_FILE = "Hello World/Info.plist";
				LD_RUNPATH_SEARCH_PATHS = "$(inherited) @executable_path/Frameworks";
				PRODUCT_BUNDLE_IDENTIFIER = "co.pigstudio.Hello-World";
				PRODUCT_NAME = "$(TARGET_NAME)";
			};
			name = Release;
		};
/* End XCBuildConfiguration section */

/* Begin XCConfigurationList section */
		0D9E6E041C265AEE009587AF /* Build configuration list for PBXProject "Hello World" */ = {
			isa = XCConfigurationList;
			buildConfigurations = (
				0D9E6E191C265AEE009587AF /* Debug */,
				0D9E6E1A1C265AEE009587AF /* Release */,
			);
			defaultConfigurationIsVisible = 0;
			defaultConfigurationName = Release;
		};
		0D9E6E1B1C265AEE009587AF /* Build configuration list for PBXNativeTarget "Hello World" */ = {
			isa = XCConfigurationList;
			buildConfigurations = (
				0D9E6E1C1C265AEE009587AF /* Debug */,
				0D9E6E1D1C265AEE009587AF /* Release */,
			);
			defaultConfigurationIsVisible = 0;
		};
/* End XCConfigurationList section */
	};
	rootObject = 0D9E6E011C265AEE009587AF /* Project object */;
}
